
Microsoft Visual Studio Solution File, Format Version 12.00
# 17
VisualStudioVersion = 17.8.34212.112
MinimumVisualStudioVersion = 10.0.40219.1
Project("{9A19103F-16F7-4668-BE54-9A1E7A4F7556}") = "Void.Proxy-before", "src\Void.Proxy-before\Void.Proxy-before.csproj", "{8EF40869-E6E1-4E1E-834E-4CCF76040444}"
EndProject
Project("{9A19103F-16F7-4668-BE54-9A1E7A4F7556}") = "Void.NBT", "src\Void.NBT\Void.NBT.csproj", "{48C0447B-BE31-46D9-8EDC-5ED4EBC3965C}"
EndProject
Project("{9A19103F-16F7-4668-BE54-9A1E7A4F7556}") = "Void.Proxy", "src\Void.Proxy\Void.Proxy.csproj", "{D54116EE-75EA-491C-84E3-F1DE82A45728}"
EndProject
Project("{9A19103F-16F7-4668-BE54-9A1E7A4F7556}") = "Void.Proxy.API", "src\Void.Proxy.API\Void.Proxy.API.csproj", "{E042DC85-7EFC-495E-9426-ECE20BF28B0E}"
EndProject
Project("{9A19103F-16F7-4668-BE54-9A1E7A4F7556}") = "Void.Proxy.Plugins.ExamplePlugin", "src\Void.Proxy.Plugins.ExamplePlugin\Void.Proxy.Plugins.ExamplePlugin.csproj", "{81E0F934-36EA-49C3-BBAA-3459E37E5D7C}"
EndProject
Project("{9A19103F-16F7-4668-BE54-9A1E7A4F7556}") = "Void.Proxy.Plugins.ProtocolSupport.Java.v1_20_2_to_latest", "src\Void.Proxy.Plugins.ProtocolSupport.Java.v1_20_2_to_latest\Void.Proxy.Plugins.ProtocolSupport.Java.v1_20_2_to_latest.csproj", "{0F6BA9E5-EE31-46D5-B000-29940A1D79A9}"
EndProject
Project("{9A19103F-16F7-4668-BE54-9A1E7A4F7556}") = "Void.Proxy.Plugins.ProtocolSupport.Java.v1_13_to_1_20_1", "src\Void.Proxy.Plugins.ProtocolSupport.Java.v1_13_to_1_20_1\Void.Proxy.Plugins.ProtocolSupport.Java.v1_13_to_1_20_1.csproj", "{24C6F3E8-C33E-479A-96C3-F8DAAF097E4B}"
EndProject
Project("{9A19103F-16F7-4668-BE54-9A1E7A4F7556}") = "Void.Proxy.Plugins.ProtocolSupport.Java.v1_7_2_to_1_12_2", "src\Void.Proxy.Plugins.ProtocolSupport.Java.v1_7_2_to_1_12_2\Void.Proxy.Plugins.ProtocolSupport.Java.v1_7_2_to_1_12_2.csproj", "{1056EA02-B6CF-491A-B9C8-76CAEDFB35F7}"
EndProject
Project("{FAE04EC0-301F-11D3-BF4B-00C04F79EFBC}") = "Void.Proxy.Plugins.ModsSupport.Forge", "src\Void.Proxy.Plugins.ModsSupport.Forge\Void.Proxy.Plugins.ModsSupport.Forge.csproj", "{72BD4B67-9ED0-43FE-86C9-E9A744F702E7}"
EndProject
Global
	GlobalSection(SolutionConfigurationPlatforms) = preSolution
		Debug|Any CPU = Debug|Any CPU
		Release|Any CPU = Release|Any CPU
	EndGlobalSection
	GlobalSection(ProjectConfigurationPlatforms) = postSolution
		{8EF40869-E6E1-4E1E-834E-4CCF76040444}.Debug|Any CPU.ActiveCfg = Debug|Any CPU
		{8EF40869-E6E1-4E1E-834E-4CCF76040444}.Debug|Any CPU.Build.0 = Debug|Any CPU
		{8EF40869-E6E1-4E1E-834E-4CCF76040444}.Release|Any CPU.ActiveCfg = Release|Any CPU
		{8EF40869-E6E1-4E1E-834E-4CCF76040444}.Release|Any CPU.Build.0 = Release|Any CPU
		{48C0447B-BE31-46D9-8EDC-5ED4EBC3965C}.Debug|Any CPU.ActiveCfg = Debug|Any CPU
		{48C0447B-BE31-46D9-8EDC-5ED4EBC3965C}.Debug|Any CPU.Build.0 = Debug|Any CPU
		{48C0447B-BE31-46D9-8EDC-5ED4EBC3965C}.Release|Any CPU.ActiveCfg = Release|Any CPU
		{48C0447B-BE31-46D9-8EDC-5ED4EBC3965C}.Release|Any CPU.Build.0 = Release|Any CPU
		{D54116EE-75EA-491C-84E3-F1DE82A45728}.Debug|Any CPU.ActiveCfg = Debug|Any CPU
		{D54116EE-75EA-491C-84E3-F1DE82A45728}.Debug|Any CPU.Build.0 = Debug|Any CPU
		{D54116EE-75EA-491C-84E3-F1DE82A45728}.Release|Any CPU.ActiveCfg = Release|Any CPU
		{D54116EE-75EA-491C-84E3-F1DE82A45728}.Release|Any CPU.Build.0 = Release|Any CPU
		{E042DC85-7EFC-495E-9426-ECE20BF28B0E}.Debug|Any CPU.ActiveCfg = Debug|Any CPU
		{E042DC85-7EFC-495E-9426-ECE20BF28B0E}.Debug|Any CPU.Build.0 = Debug|Any CPU
		{E042DC85-7EFC-495E-9426-ECE20BF28B0E}.Release|Any CPU.ActiveCfg = Release|Any CPU
		{E042DC85-7EFC-495E-9426-ECE20BF28B0E}.Release|Any CPU.Build.0 = Release|Any CPU
		{81E0F934-36EA-49C3-BBAA-3459E37E5D7C}.Debug|Any CPU.ActiveCfg = Debug|Any CPU
		{81E0F934-36EA-49C3-BBAA-3459E37E5D7C}.Debug|Any CPU.Build.0 = Debug|Any CPU
		{81E0F934-36EA-49C3-BBAA-3459E37E5D7C}.Release|Any CPU.ActiveCfg = Release|Any CPU
		{81E0F934-36EA-49C3-BBAA-3459E37E5D7C}.Release|Any CPU.Build.0 = Release|Any CPU
		{0F6BA9E5-EE31-46D5-B000-29940A1D79A9}.Debug|Any CPU.ActiveCfg = Debug|Any CPU
		{0F6BA9E5-EE31-46D5-B000-29940A1D79A9}.Debug|Any CPU.Build.0 = Debug|Any CPU
		{0F6BA9E5-EE31-46D5-B000-29940A1D79A9}.Release|Any CPU.ActiveCfg = Release|Any CPU
		{0F6BA9E5-EE31-46D5-B000-29940A1D79A9}.Release|Any CPU.Build.0 = Release|Any CPU
		{24C6F3E8-C33E-479A-96C3-F8DAAF097E4B}.Debug|Any CPU.ActiveCfg = Debug|Any CPU
		{24C6F3E8-C33E-479A-96C3-F8DAAF097E4B}.Debug|Any CPU.Build.0 = Debug|Any CPU
		{24C6F3E8-C33E-479A-96C3-F8DAAF097E4B}.Release|Any CPU.ActiveCfg = Release|Any CPU
		{24C6F3E8-C33E-479A-96C3-F8DAAF097E4B}.Release|Any CPU.Build.0 = Release|Any CPU
		{1056EA02-B6CF-491A-B9C8-76CAEDFB35F7}.Debug|Any CPU.ActiveCfg = Debug|Any CPU
		{1056EA02-B6CF-491A-B9C8-76CAEDFB35F7}.Debug|Any CPU.Build.0 = Debug|Any CPU
		{1056EA02-B6CF-491A-B9C8-76CAEDFB35F7}.Release|Any CPU.ActiveCfg = Release|Any CPU
		{1056EA02-B6CF-491A-B9C8-76CAEDFB35F7}.Release|Any CPU.Build.0 = Release|Any CPU
		{72BD4B67-9ED0-43FE-86C9-E9A744F702E7}.Debug|Any CPU.ActiveCfg = Debug|Any CPU
		{72BD4B67-9ED0-43FE-86C9-E9A744F702E7}.Debug|Any CPU.Build.0 = Debug|Any CPU
		{72BD4B67-9ED0-43FE-86C9-E9A744F702E7}.Release|Any CPU.ActiveCfg = Release|Any CPU
		{72BD4B67-9ED0-43FE-86C9-E9A744F702E7}.Release|Any CPU.Build.0 = Release|Any CPU
	EndGlobalSection
	GlobalSection(SolutionProperties) = preSolution
		HideSolutionNode = FALSE
	EndGlobalSection
	GlobalSection(ExtensibilityGlobals) = postSolution
		SolutionGuid = {C3C28736-41CC-4E17-B043-99E29D9E1122}
	EndGlobalSection
EndGlobal
