
Microsoft Visual Studio Solution File, Format Version 12.00
# Visual Studio Version 17
VisualStudioVersion = 17.8.34212.112
MinimumVisualStudioVersion = 10.0.40219.1
Project("{9A19103F-16F7-4668-BE54-9A1E7A4F7556}") = "Void.Proxy", "src\Void.Proxy\Void.Proxy.csproj", "{8EF40869-E6E1-4E1E-834E-4CCF76040444}"
EndProject
Project("{FAE04EC0-301F-11D3-BF4B-00C04F79EFBC}") = "Void.NBT", "Void.NBT\Void.NBT.csproj", "{48C0447B-BE31-46D9-8EDC-5ED4EBC3965C}"
EndProject
Global
	GlobalSection(SolutionConfigurationPlatforms) = preSolution
		Debug|Any CPU = Debug|Any CPU
		Release|Any CPU = Release|Any CPU
	EndGlobalSection
	GlobalSection(ProjectConfigurationPlatforms) = postSolution
		{8EF40869-E6E1-4E1E-834E-4CCF76040444}.Debug|Any CPU.ActiveCfg = Debug|Any CPU
		{8EF40869-E6E1-4E1E-834E-4CCF76040444}.Debug|Any CPU.Build.0 = Debug|Any CPU
		{8EF40869-E6E1-4E1E-834E-4CCF76040444}.Release|Any CPU.ActiveCfg = Release|Any CPU
		{8EF40869-E6E1-4E1E-834E-4CCF76040444}.Release|Any CPU.Build.0 = Release|Any CPU
		{48C0447B-BE31-46D9-8EDC-5ED4EBC3965C}.Debug|Any CPU.ActiveCfg = Debug|Any CPU
		{48C0447B-BE31-46D9-8EDC-5ED4EBC3965C}.Debug|Any CPU.Build.0 = Debug|Any CPU
		{48C0447B-BE31-46D9-8EDC-5ED4EBC3965C}.Release|Any CPU.ActiveCfg = Release|Any CPU
		{48C0447B-BE31-46D9-8EDC-5ED4EBC3965C}.Release|Any CPU.Build.0 = Release|Any CPU
	EndGlobalSection
	GlobalSection(SolutionProperties) = preSolution
		HideSolutionNode = FALSE
	EndGlobalSection
	GlobalSection(ExtensibilityGlobals) = postSolution
		SolutionGuid = {C3C28736-41CC-4E17-B043-99E29D9E1122}
	EndGlobalSection
EndGlobal
